
Microsoft Visual Studio Solution File, Format Version 12.00
# Visual Studio Version 17
VisualStudioVersion = 17.0.31903.59
MinimumVisualStudioVersion = 10.0.40219.1
Project("{FAE04EC0-301F-11D3-BF4B-00C04F79EFBC}") = "ValueAndReference", "ValueAndReference\ValueAndReference.csproj", "{4BF3C7A7-DC0F-4A95-BFC7-26B6EA843932}"
EndProject
Project("{FAE04EC0-301F-11D3-BF4B-00C04F79EFBC}") = "StaticAndInstanceMethod", "StaticAndInstanceMethod\StaticAndInstanceMethod.csproj", "{64B565FC-2E72-47D5-BEA9-4E3B922425DB}"
EndProject
Project("{FAE04EC0-301F-11D3-BF4B-00C04F79EFBC}") = "ImplicitAndExplicit", "ImplicitAndExplicit\ImplicitAndExplicit.csproj", "{D3C5C933-8E4A-4C05-90F1-6ECF8950EACE}"
EndProject
Project("{FAE04EC0-301F-11D3-BF4B-00C04F79EFBC}") = "VarAndDynamic", "VarAndDynamic\VarAndDynamic.csproj", "{A0E75830-911B-4008-AACA-A20F4D9D06F1}"
EndProject
Project("{FAE04EC0-301F-11D3-BF4B-00C04F79EFBC}") = "Generic<T>", "Generic<T>\Generic<T>.csproj", "{F78B9D37-D8DD-4250-94CB-CE2F265AD3C8}"
EndProject
Project("{FAE04EC0-301F-11D3-BF4B-00C04F79EFBC}") = "ReviewMateriGeneric", "ReviewMateriGeneric\ReviewMateriGeneric.csproj", "{E0BD3895-0EBA-4730-AA35-E308B8A569B3}"
EndProject
Project("{FAE04EC0-301F-11D3-BF4B-00C04F79EFBC}") = "Delegate", "Delegate\Delegate.csproj", "{F50B3160-26BF-41BE-8A4D-708E7AEEE7B3}"
EndProject
Project("{FAE04EC0-301F-11D3-BF4B-00C04F79EFBC}") = "Delegate2(InClass)", "Delegate2(InClass)\Delegate2(InClass).csproj", "{9EB983C0-CCD9-4167-B513-2DB6361CF9B9}"
EndProject
Project("{FAE04EC0-301F-11D3-BF4B-00C04F79EFBC}") = "DelegateBasic", "DelegateBasic\DelegateBasic.csproj", "{BBAE2718-DD1D-43D0-9072-9DBF645DF054}"
EndProject
Project("{FAE04EC0-301F-11D3-BF4B-00C04F79EFBC}") = "EventBasic", "EventBasic\EventBasic.csproj", "{6593F883-604D-4E0D-B7DF-E501075C226D}"
EndProject
Project("{FAE04EC0-301F-11D3-BF4B-00C04F79EFBC}") = "Collection", "Collection\Collection.csproj", "{64D80351-060C-4C4C-9DD0-AF9EDF7FE415}"
EndProject
Project("{FAE04EC0-301F-11D3-BF4B-00C04F79EFBC}") = "FooBarProject", "FooBarProject\FooBarProject.csproj", "{C30A656D-9188-4FF4-94D2-C4FD5A4A4864}"
EndProject
Global
	GlobalSection(SolutionConfigurationPlatforms) = preSolution
		Debug|Any CPU = Debug|Any CPU
		Release|Any CPU = Release|Any CPU
	EndGlobalSection
	GlobalSection(SolutionProperties) = preSolution
		HideSolutionNode = FALSE
	EndGlobalSection
	GlobalSection(ProjectConfigurationPlatforms) = postSolution
		{4BF3C7A7-DC0F-4A95-BFC7-26B6EA843932}.Debug|Any CPU.ActiveCfg = Debug|Any CPU
		{4BF3C7A7-DC0F-4A95-BFC7-26B6EA843932}.Debug|Any CPU.Build.0 = Debug|Any CPU
		{4BF3C7A7-DC0F-4A95-BFC7-26B6EA843932}.Release|Any CPU.ActiveCfg = Release|Any CPU
		{4BF3C7A7-DC0F-4A95-BFC7-26B6EA843932}.Release|Any CPU.Build.0 = Release|Any CPU
		{64B565FC-2E72-47D5-BEA9-4E3B922425DB}.Debug|Any CPU.ActiveCfg = Debug|Any CPU
		{64B565FC-2E72-47D5-BEA9-4E3B922425DB}.Debug|Any CPU.Build.0 = Debug|Any CPU
		{64B565FC-2E72-47D5-BEA9-4E3B922425DB}.Release|Any CPU.ActiveCfg = Release|Any CPU
		{64B565FC-2E72-47D5-BEA9-4E3B922425DB}.Release|Any CPU.Build.0 = Release|Any CPU
		{D3C5C933-8E4A-4C05-90F1-6ECF8950EACE}.Debug|Any CPU.ActiveCfg = Debug|Any CPU
		{D3C5C933-8E4A-4C05-90F1-6ECF8950EACE}.Debug|Any CPU.Build.0 = Debug|Any CPU
		{D3C5C933-8E4A-4C05-90F1-6ECF8950EACE}.Release|Any CPU.ActiveCfg = Release|Any CPU
		{D3C5C933-8E4A-4C05-90F1-6ECF8950EACE}.Release|Any CPU.Build.0 = Release|Any CPU
		{A0E75830-911B-4008-AACA-A20F4D9D06F1}.Debug|Any CPU.ActiveCfg = Debug|Any CPU
		{A0E75830-911B-4008-AACA-A20F4D9D06F1}.Debug|Any CPU.Build.0 = Debug|Any CPU
		{A0E75830-911B-4008-AACA-A20F4D9D06F1}.Release|Any CPU.ActiveCfg = Release|Any CPU
		{A0E75830-911B-4008-AACA-A20F4D9D06F1}.Release|Any CPU.Build.0 = Release|Any CPU
		{F78B9D37-D8DD-4250-94CB-CE2F265AD3C8}.Debug|Any CPU.ActiveCfg = Debug|Any CPU
		{F78B9D37-D8DD-4250-94CB-CE2F265AD3C8}.Debug|Any CPU.Build.0 = Debug|Any CPU
		{F78B9D37-D8DD-4250-94CB-CE2F265AD3C8}.Release|Any CPU.ActiveCfg = Release|Any CPU
		{F78B9D37-D8DD-4250-94CB-CE2F265AD3C8}.Release|Any CPU.Build.0 = Release|Any CPU
		{E0BD3895-0EBA-4730-AA35-E308B8A569B3}.Debug|Any CPU.ActiveCfg = Debug|Any CPU
		{E0BD3895-0EBA-4730-AA35-E308B8A569B3}.Debug|Any CPU.Build.0 = Debug|Any CPU
		{E0BD3895-0EBA-4730-AA35-E308B8A569B3}.Release|Any CPU.ActiveCfg = Release|Any CPU
		{E0BD3895-0EBA-4730-AA35-E308B8A569B3}.Release|Any CPU.Build.0 = Release|Any CPU
		{F50B3160-26BF-41BE-8A4D-708E7AEEE7B3}.Debug|Any CPU.ActiveCfg = Debug|Any CPU
		{F50B3160-26BF-41BE-8A4D-708E7AEEE7B3}.Debug|Any CPU.Build.0 = Debug|Any CPU
		{F50B3160-26BF-41BE-8A4D-708E7AEEE7B3}.Release|Any CPU.ActiveCfg = Release|Any CPU
		{F50B3160-26BF-41BE-8A4D-708E7AEEE7B3}.Release|Any CPU.Build.0 = Release|Any CPU
		{9EB983C0-CCD9-4167-B513-2DB6361CF9B9}.Debug|Any CPU.ActiveCfg = Debug|Any CPU
		{9EB983C0-CCD9-4167-B513-2DB6361CF9B9}.Debug|Any CPU.Build.0 = Debug|Any CPU
		{9EB983C0-CCD9-4167-B513-2DB6361CF9B9}.Release|Any CPU.ActiveCfg = Release|Any CPU
		{9EB983C0-CCD9-4167-B513-2DB6361CF9B9}.Release|Any CPU.Build.0 = Release|Any CPU
		{BBAE2718-DD1D-43D0-9072-9DBF645DF054}.Debug|Any CPU.ActiveCfg = Debug|Any CPU
		{BBAE2718-DD1D-43D0-9072-9DBF645DF054}.Debug|Any CPU.Build.0 = Debug|Any CPU
		{BBAE2718-DD1D-43D0-9072-9DBF645DF054}.Release|Any CPU.ActiveCfg = Release|Any CPU
		{BBAE2718-DD1D-43D0-9072-9DBF645DF054}.Release|Any CPU.Build.0 = Release|Any CPU
		{6593F883-604D-4E0D-B7DF-E501075C226D}.Debug|Any CPU.ActiveCfg = Debug|Any CPU
		{6593F883-604D-4E0D-B7DF-E501075C226D}.Debug|Any CPU.Build.0 = Debug|Any CPU
		{6593F883-604D-4E0D-B7DF-E501075C226D}.Release|Any CPU.ActiveCfg = Release|Any CPU
		{6593F883-604D-4E0D-B7DF-E501075C226D}.Release|Any CPU.Build.0 = Release|Any CPU
		{64D80351-060C-4C4C-9DD0-AF9EDF7FE415}.Debug|Any CPU.ActiveCfg = Debug|Any CPU
		{64D80351-060C-4C4C-9DD0-AF9EDF7FE415}.Debug|Any CPU.Build.0 = Debug|Any CPU
		{64D80351-060C-4C4C-9DD0-AF9EDF7FE415}.Release|Any CPU.ActiveCfg = Release|Any CPU
		{64D80351-060C-4C4C-9DD0-AF9EDF7FE415}.Release|Any CPU.Build.0 = Release|Any CPU
		{C30A656D-9188-4FF4-94D2-C4FD5A4A4864}.Debug|Any CPU.ActiveCfg = Debug|Any CPU
		{C30A656D-9188-4FF4-94D2-C4FD5A4A4864}.Debug|Any CPU.Build.0 = Debug|Any CPU
		{C30A656D-9188-4FF4-94D2-C4FD5A4A4864}.Release|Any CPU.ActiveCfg = Release|Any CPU
		{C30A656D-9188-4FF4-94D2-C4FD5A4A4864}.Release|Any CPU.Build.0 = Release|Any CPU
	EndGlobalSection
EndGlobal
