
Microsoft Visual Studio Solution File, Format Version 12.00
# Visual Studio Version 17
VisualStudioVersion = 17.0.31903.59
MinimumVisualStudioVersion = 10.0.40219.1
Project("{FAE04EC0-301F-11D3-BF4B-00C04F79EFBC}") = "DelegateNabila", "DelegateNabila\DelegateNabila.csproj", "{3BB2F576-7961-4CB7-AFD8-A2F3098D9393}"
EndProject
Project("{FAE04EC0-301F-11D3-BF4B-00C04F79EFBC}") = "DelegateCandra", "DelegateCandra\DelegateCandra.csproj", "{CF165764-22C1-4FC1-A637-6F1AA939E2D9}"
EndProject
Global
	GlobalSection(SolutionConfigurationPlatforms) = preSolution
		Debug|Any CPU = Debug|Any CPU
		Release|Any CPU = Release|Any CPU
	EndGlobalSection
	GlobalSection(SolutionProperties) = preSolution
		HideSolutionNode = FALSE
	EndGlobalSection
	GlobalSection(ProjectConfigurationPlatforms) = postSolution
		{3BB2F576-7961-4CB7-AFD8-A2F3098D9393}.Debug|Any CPU.ActiveCfg = Debug|Any CPU
		{3BB2F576-7961-4CB7-AFD8-A2F3098D9393}.Debug|Any CPU.Build.0 = Debug|Any CPU
		{3BB2F576-7961-4CB7-AFD8-A2F3098D9393}.Release|Any CPU.ActiveCfg = Release|Any CPU
		{3BB2F576-7961-4CB7-AFD8-A2F3098D9393}.Release|Any CPU.Build.0 = Release|Any CPU
		{CF165764-22C1-4FC1-A637-6F1AA939E2D9}.Debug|Any CPU.ActiveCfg = Debug|Any CPU
		{CF165764-22C1-4FC1-A637-6F1AA939E2D9}.Debug|Any CPU.Build.0 = Debug|Any CPU
		{CF165764-22C1-4FC1-A637-6F1AA939E2D9}.Release|Any CPU.ActiveCfg = Release|Any CPU
		{CF165764-22C1-4FC1-A637-6F1AA939E2D9}.Release|Any CPU.Build.0 = Release|Any CPU
	EndGlobalSection
EndGlobal
